
Microsoft Visual Studio Solution File, Format Version 12.00
# Visual Studio Version 17
VisualStudioVersion = 17.5.33424.131
MinimumVisualStudioVersion = 10.0.40219.1
Project("{FAE04EC0-301F-11D3-BF4B-00C04F79EFBC}") = "Two NuGet Packages", "Two NuGet Packages.csproj", "{F0C636B1-F19B-4AC2-A244-E38EAA25C115}"
EndProject
Global
	GlobalSection(SolutionConfigurationPlatforms) = preSolution
		Debug|Any CPU = Debug|Any CPU
		Release|Any CPU = Release|Any CPU
	EndGlobalSection
	GlobalSection(ProjectConfigurationPlatforms) = postSolution
		{F0C636B1-F19B-4AC2-A244-E38EAA25C115}.Debug|Any CPU.ActiveCfg = Debug|Any CPU
		{F0C636B1-F19B-4AC2-A244-E38EAA25C115}.Debug|Any CPU.Build.0 = Debug|Any CPU
		{F0C636B1-F19B-4AC2-A244-E38EAA25C115}.Release|Any CPU.ActiveCfg = Release|Any CPU
		{F0C636B1-F19B-4AC2-A244-E38EAA25C115}.Release|Any CPU.Build.0 = Release|Any CPU
	EndGlobalSection
	GlobalSection(SolutionProperties) = preSolution
		HideSolutionNode = FALSE
	EndGlobalSection
	GlobalSection(ExtensibilityGlobals) = postSolution
		SolutionGuid = {D15B1E7A-DFCC-414F-9E42-F3F3F268DAA4}
	EndGlobalSection
EndGlobal
